// !$*UTF8*$!
{
	archiveVersion = 1;
	classes = {
	};
	objectVersion = 50;
	objects = {

/* Begin PBXBuildFile section */
		91C9B66A21C2AF2B008D74FD /* AppDelegate.m in Sources */ = {isa = PBXBuildFile; fileRef = 91C9B66921C2AF2B008D74FD /* AppDelegate.m */; };
		91C9B66D21C2AF2B008D74FD /* ViewController.m in Sources */ = {isa = PBXBuildFile; fileRef = 91C9B66C21C2AF2B008D74FD /* ViewController.m */; };
		91C9B67021C2AF2B008D74FD /* Main.storyboard in Resources */ = {isa = PBXBuildFile; fileRef = 91C9B66E21C2AF2B008D74FD /* Main.storyboard */; };
		91C9B67221C2AF2C008D74FD /* Assets.xcassets in Resources */ = {isa = PBXBuildFile; fileRef = 91C9B67121C2AF2C008D74FD /* Assets.xcassets */; };
		91C9B67521C2AF2C008D74FD /* LaunchScreen.storyboard in Resources */ = {isa = PBXBuildFile; fileRef = 91C9B67321C2AF2C008D74FD /* LaunchScreen.storyboard */; };
		91C9B67821C2AF2C008D74FD /* main.m in Sources */ = {isa = PBXBuildFile; fileRef = 91C9B67721C2AF2C008D74FD /* main.m */; };
		91C9B68021C2B38A008D74FD /* MathTool.m in Sources */ = {isa = PBXBuildFile; fileRef = 91C9B67F21C2B38A008D74FD /* MathTool.m */; };
/* End PBXBuildFile section */

/* Begin PBXFileReference section */
		91C9B66521C2AF2B008D74FD /* simple.app */ = {isa = PBXFileReference; explicitFileType = wrapper.application; includeInIndex = 0; path = simple.app; sourceTree = BUILT_PRODUCTS_DIR; };
		91C9B66821C2AF2B008D74FD /* AppDelegate.h */ = {isa = PBXFileReference; lastKnownFileType = sourcecode.c.h; path = AppDelegate.h; sourceTree = "<group>"; };
		91C9B66921C2AF2B008D74FD /* AppDelegate.m */ = {isa = PBXFileReference; lastKnownFileType = sourcecode.c.objc; path = AppDelegate.m; sourceTree = "<group>"; };
		91C9B66B21C2AF2B008D74FD /* ViewController.h */ = {isa = PBXFileReference; lastKnownFileType = sourcecode.c.h; path = ViewController.h; sourceTree = "<group>"; };
		91C9B66C21C2AF2B008D74FD /* ViewController.m */ = {isa = PBXFileReference; lastKnownFileType = sourcecode.c.objc; path = ViewController.m; sourceTree = "<group>"; };
		91C9B66F21C2AF2B008D74FD /* Base */ = {isa = PBXFileReference; lastKnownFileType = file.storyboard; name = Base; path = Base.lproj/Main.storyboard; sourceTree = "<group>"; };
		91C9B67121C2AF2C008D74FD /* Assets.xcassets */ = {isa = PBXFileReference; lastKnownFileType = folder.assetcatalog; path = Assets.xcassets; sourceTree = "<group>"; };
		91C9B67421C2AF2C008D74FD /* Base */ = {isa = PBXFileReference; lastKnownFileType = file.storyboard; name = Base; path = Base.lproj/LaunchScreen.storyboard; sourceTree = "<group>"; };
		91C9B67621C2AF2C008D74FD /* Info.plist */ = {isa = PBXFileReference; lastKnownFileType = text.plist.xml; path = Info.plist; sourceTree = "<group>"; };
		91C9B67721C2AF2C008D74FD /* main.m */ = {isa = PBXFileReference; lastKnownFileType = sourcecode.c.objc; path = main.m; sourceTree = "<group>"; };
		91C9B67E21C2B38A008D74FD /* MathTool.h */ = {isa = PBXFileReference; lastKnownFileType = sourcecode.c.h; path = MathTool.h; sourceTree = "<group>"; };
		91C9B67F21C2B38A008D74FD /* MathTool.m */ = {isa = PBXFileReference; lastKnownFileType = sourcecode.c.objc; path = MathTool.m; sourceTree = "<group>"; };
/* End PBXFileReference section */

/* Begin PBXFrameworksBuildPhase section */
		91C9B66221C2AF2B008D74FD /* Frameworks */ = {
			isa = PBXFrameworksBuildPhase;
			buildActionMask = 2147483647;
			files = (
			);
			runOnlyForDeploymentPostprocessing = 0;
		};
/* End PBXFrameworksBuildPhase section */

/* Begin PBXGroup section */
		91C9B65C21C2AF2B008D74FD = {
			isa = PBXGroup;
			children = (
				91C9B66721C2AF2B008D74FD /* simple */,
				91C9B66621C2AF2B008D74FD /* Products */,
			);
			sourceTree = "<group>";
		};
		91C9B66621C2AF2B008D74FD /* Products */ = {
			isa = PBXGroup;
			children = (
				91C9B66521C2AF2B008D74FD /* simple.app */,
			);
			name = Products;
			sourceTree = "<group>";
		};
		91C9B66721C2AF2B008D74FD /* simple */ = {
			isa = PBXGroup;
			children = (
				91C9B66821C2AF2B008D74FD /* AppDelegate.h */,
				91C9B66921C2AF2B008D74FD /* AppDelegate.m */,
				91C9B66B21C2AF2B008D74FD /* ViewController.h */,
				91C9B66C21C2AF2B008D74FD /* ViewController.m */,
				91C9B67E21C2B38A008D74FD /* MathTool.h */,
				91C9B67F21C2B38A008D74FD /* MathTool.m */,
				91C9B66E21C2AF2B008D74FD /* Main.storyboard */,
				91C9B67121C2AF2C008D74FD /* Assets.xcassets */,
				91C9B67321C2AF2C008D74FD /* LaunchScreen.storyboard */,
				91C9B67621C2AF2C008D74FD /* Info.plist */,
				91C9B67721C2AF2C008D74FD /* main.m */,
			);
			path = simple;
			sourceTree = "<group>";
		};
/* End PBXGroup section */

/* Begin PBXNativeTarget section */
		91C9B66421C2AF2B008D74FD /* simple */ = {
			isa = PBXNativeTarget;
			buildConfigurationList = 91C9B67B21C2AF2C008D74FD /* Build configuration list for PBXNativeTarget "simple" */;
			buildPhases = (
				91C9B66121C2AF2B008D74FD /* Sources */,
				91C9B66221C2AF2B008D74FD /* Frameworks */,
				91C9B66321C2AF2B008D74FD /* Resources */,
			);
			buildRules = (
			);
			dependencies = (
			);
			name = simple;
			productName = simple;
			productReference = 91C9B66521C2AF2B008D74FD /* simple.app */;
			productType = "com.apple.product-type.application";
		};
/* End PBXNativeTarget section */

/* Begin PBXProject section */
		91C9B65D21C2AF2B008D74FD /* Project object */ = {
			isa = PBXProject;
			attributes = {
				LastUpgradeCheck = 1010;
				ORGANIZATIONNAME = "dongmei zeng";
				TargetAttributes = {
					91C9B66421C2AF2B008D74FD = {
						CreatedOnToolsVersion = 10.1;
					};
				};
			};
			buildConfigurationList = 91C9B66021C2AF2B008D74FD /* Build configuration list for PBXProject "simple" */;
			compatibilityVersion = "Xcode 9.3";
			developmentRegion = en;
			hasScannedForEncodings = 0;
			knownRegions = (
				en,
				Base,
			);
			mainGroup = 91C9B65C21C2AF2B008D74FD;
			productRefGroup = 91C9B66621C2AF2B008D74FD /* Products */;
			projectDirPath = "";
			projectRoot = "";
			targets = (
				91C9B66421C2AF2B008D74FD /* simple */,
			);
		};
/* End PBXProject section */

/* Begin PBXResourcesBuildPhase section */
		91C9B66321C2AF2B008D74FD /* Resources */ = {
			isa = PBXResourcesBuildPhase;
			buildActionMask = 2147483647;
			files = (
				91C9B67521C2AF2C008D74FD /* LaunchScreen.storyboard in Resources */,
				91C9B67221C2AF2C008D74FD /* Assets.xcassets in Resources */,
				91C9B67021C2AF2B008D74FD /* Main.storyboard in Resources */,
			);
			runOnlyForDeploymentPostprocessing = 0;
		};
/* End PBXResourcesBuildPhase section */

/* Begin PBXSourcesBuildPhase section */
		91C9B66121C2AF2B008D74FD /* Sources */ = {
			isa = PBXSourcesBuildPhase;
			buildActionMask = 2147483647;
			files = (
				91C9B66D21C2AF2B008D74FD /* ViewController.m in Sources */,
				91C9B68021C2B38A008D74FD /* MathTool.m in Sources */,
				91C9B67821C2AF2C008D74FD /* main.m in Sources */,
				91C9B66A21C2AF2B008D74FD /* AppDelegate.m in Sources */,
			);
			runOnlyForDeploymentPostprocessing = 0;
		};
/* End PBXSourcesBuildPhase section */

/* Begin PBXVariantGroup section */
		91C9B66E21C2AF2B008D74FD /* Main.storyboard */ = {
			isa = PBXVariantGroup;
			children = (
				91C9B66F21C2AF2B008D74FD /* Base */,
			);
			name = Main.storyboard;
			sourceTree = "<group>";
		};
		91C9B67321C2AF2C008D74FD /* LaunchScreen.storyboard */ = {
			isa = PBXVariantGroup;
			children = (
				91C9B67421C2AF2C008D74FD /* Base */,
			);
			name = LaunchScreen.storyboard;
			sourceTree = "<group>";
		};
/* End PBXVariantGroup section */

/* Begin XCBuildConfiguration section */
		91C9B67921C2AF2C008D74FD /* Debug */ = {
			isa = XCBuildConfiguration;
			buildSettings = {
				ALWAYS_SEARCH_USER_PATHS = NO;
				CLANG_ANALYZER_NONNULL = YES;
				CLANG_ANALYZER_NUMBER_OBJECT_CONVERSION = YES_AGGRESSIVE;
				CLANG_CXX_LANGUAGE_STANDARD = "gnu++14";
				CLANG_CXX_LIBRARY = "libc++";
				CLANG_ENABLE_MODULES = YES;
				CLANG_ENABLE_OBJC_ARC = YES;
				CLANG_ENABLE_OBJC_WEAK = YES;
				CLANG_WARN_BLOCK_CAPTURE_AUTORELEASING = YES;
				CLANG_WARN_BOOL_CONVERSION = YES;
				CLANG_WARN_COMMA = YES;
				CLANG_WARN_CONSTANT_CONVERSION = YES;
				CLANG_WARN_DEPRECATED_OBJC_IMPLEMENTATIONS = YES;
				CLANG_WARN_DIRECT_OBJC_ISA_USAGE = YES_ERROR;
				CLANG_WARN_DOCUMENTATION_COMMENTS = YES;
				CLANG_WARN_EMPTY_BODY = YES;
				CLANG_WARN_ENUM_CONVERSION = YES;
				CLANG_WARN_INFINITE_RECURSION = YES;
				CLANG_WARN_INT_CONVERSION = YES;
				CLANG_WARN_NON_LITERAL_NULL_CONVERSION = YES;
				CLANG_WARN_OBJC_IMPLICIT_RETAIN_SELF = YES;
				CLANG_WARN_OBJC_LITERAL_CONVERSION = YES;
				CLANG_WARN_OBJC_ROOT_CLASS = YES_ERROR;
				CLANG_WARN_RANGE_LOOP_ANALYSIS = YES;
				CLANG_WARN_STRICT_PROTOTYPES = YES;
				CLANG_WARN_SUSPICIOUS_MOVE = YES;
				CLANG_WARN_UNGUARDED_AVAILABILITY = YES_AGGRESSIVE;
				CLANG_WARN_UNREACHABLE_CODE = YES;
				CLANG_WARN__DUPLICATE_METHOD_MATCH = YES;
				CODE_SIGN_IDENTITY = "iPhone Developer";
				COPY_PHASE_STRIP = NO;
				DEBUG_INFORMATION_FORMAT = dwarf;
				ENABLE_STRICT_OBJC_MSGSEND = YES;
				ENABLE_TESTABILITY = YES;
				GCC_C_LANGUAGE_STANDARD = gnu11;
				GCC_DYNAMIC_NO_PIC = NO;
				GCC_NO_COMMON_BLOCKS = YES;
				GCC_OPTIMIZATION_LEVEL = 0;
				GCC_PREPROCESSOR_DEFINITIONS = (
					"DEBUG=1",
					"$(inherited)",
				);
				GCC_WARN_64_TO_32_BIT_CONVERSION = YES;
				GCC_WARN_ABOUT_RETURN_TYPE = YES_ERROR;
				GCC_WARN_UNDECLARED_SELECTOR = YES;
				GCC_WARN_UNINITIALIZED_AUTOS = YES_AGGRESSIVE;
				GCC_WARN_UNUSED_FUNCTION = YES;
				GCC_WARN_UNUSED_VARIABLE = YES;
				IPHONEOS_DEPLOYMENT_TARGET = 12.1;
				MTL_ENABLE_DEBUG_INFO = INCLUDE_SOURCE;
				MTL_FAST_MATH = YES;
				ONLY_ACTIVE_ARCH = YES;
				SDKROOT = iphoneos;
			};
			name = Debug;
		};
		91C9B67A21C2AF2C008D74FD /* Release */ = {
			isa = XCBuildConfiguration;
			buildSettings = {
				ALWAYS_SEARCH_USER_PATHS = NO;
				CLANG_ANALYZER_NONNULL = YES;
				CLANG_ANALYZER_NUMBER_OBJECT_CONVERSION = YES_AGGRESSIVE;
				CLANG_CXX_LANGUAGE_STANDARD = "gnu++14";
				CLANG_CXX_LIBRARY = "libc++";
				CLANG_ENABLE_MODULES = YES;
				CLANG_ENABLE_OBJC_ARC = YES;
				CLANG_ENABLE_OBJC_WEAK = YES;
				CLANG_WARN_BLOCK_CAPTURE_AUTORELEASING = YES;
				CLANG_WARN_BOOL_CONVERSION = YES;
				CLANG_WARN_COMMA = YES;
				CLANG_WARN_CONSTANT_CONVERSION = YES;
				CLANG_WARN_DEPRECATED_OBJC_IMPLEMENTATIONS = YES;
				CLANG_WARN_DIRECT_OBJC_ISA_USAGE = YES_ERROR;
				CLANG_WARN_DOCUMENTATION_COMMENTS = YES;
				CLANG_WARN_EMPTY_BODY = YES;
				CLANG_WARN_ENUM_CONVERSION = YES;
				CLANG_WARN_INFINITE_RECURSION = YES;
				CLANG_WARN_INT_CONVERSION = YES;
				CLANG_WARN_NON_LITERAL_NULL_CONVERSION = YES;
				CLANG_WARN_OBJC_IMPLICIT_RETAIN_SELF = YES;
				CLANG_WARN_OBJC_LITERAL_CONVERSION = YES;
				CLANG_WARN_OBJC_ROOT_CLASS = YES_ERROR;
				CLANG_WARN_RANGE_LOOP_ANALYSIS = YES;
				CLANG_WARN_STRICT_PROTOTYPES = YES;
				CLANG_WARN_SUSPICIOUS_MOVE = YES;
				CLANG_WARN_UNGUARDED_AVAILABILITY = YES_AGGRESSIVE;
				CLANG_WARN_UNREACHABLE_CODE = YES;
				CLANG_WARN__DUPLICATE_METHOD_MATCH = YES;
				CODE_SIGN_IDENTITY = "iPhone Developer";
				COPY_PHASE_STRIP = NO;
				DEBUG_INFORMATION_FORMAT = "dwarf-with-dsym";
				ENABLE_NS_ASSERTIONS = NO;
				ENABLE_STRICT_OBJC_MSGSEND = YES;
				GCC_C_LANGUAGE_STANDARD = gnu11;
				GCC_NO_COMMON_BLOCKS = YES;
				GCC_WARN_64_TO_32_BIT_CONVERSION = YES;
				GCC_WARN_ABOUT_RETURN_TYPE = YES_ERROR;
				GCC_WARN_UNDECLARED_SELECTOR = YES;
				GCC_WARN_UNINITIALIZED_AUTOS = YES_AGGRESSIVE;
				GCC_WARN_UNUSED_FUNCTION = YES;
				GCC_WARN_UNUSED_VARIABLE = YES;
				IPHONEOS_DEPLOYMENT_TARGET = 12.1;
				MTL_ENABLE_DEBUG_INFO = NO;
				MTL_FAST_MATH = YES;
				SDKROOT = iphoneos;
				VALIDATE_PRODUCT = YES;
			};
			name = Release;
		};
		91C9B67C21C2AF2C008D74FD /* Debug */ = {
			isa = XCBuildConfiguration;
			buildSettings = {
				ASSETCATALOG_COMPILER_APPICON_NAME = AppIcon;
				CODE_SIGN_STYLE = Automatic;
				INFOPLIST_FILE = simple/Info.plist;
				LD_RUNPATH_SEARCH_PATHS = (
					"$(inherited)",
					"@executable_path/Frameworks",
				);
				PRODUCT_BUNDLE_IDENTIFIER = com.cool.simple;
				PRODUCT_NAME = "$(TARGET_NAME)";
				TARGETED_DEVICE_FAMILY = "1,2";
			};
			name = Debug;
		};
		91C9B67D21C2AF2C008D74FD /* Release */ = {
			isa = XCBuildConfiguration;
			buildSettings = {
				ASSETCATALOG_COMPILER_APPICON_NAME = AppIcon;
				CODE_SIGN_STYLE = Automatic;
				INFOPLIST_FILE = simple/Info.plist;
				LD_RUNPATH_SEARCH_PATHS = (
					"$(inherited)",
					"@executable_path/Frameworks",
				);
				PRODUCT_BUNDLE_IDENTIFIER = com.cool.simple;
				PRODUCT_NAME = "$(TARGET_NAME)";
				TARGETED_DEVICE_FAMILY = "1,2";
			};
			name = Release;
		};
/* End XCBuildConfiguration section */

/* Begin XCConfigurationList section */
		91C9B66021C2AF2B008D74FD /* Build configuration list for PBXProject "simple" */ = {
			isa = XCConfigurationList;
			buildConfigurations = (
				91C9B67921C2AF2C008D74FD /* Debug */,
				91C9B67A21C2AF2C008D74FD /* Release */,
			);
			defaultConfigurationIsVisible = 0;
			defaultConfigurationName = Release;
		};
		91C9B67B21C2AF2C008D74FD /* Build configuration list for PBXNativeTarget "simple" */ = {
			isa = XCConfigurationList;
			buildConfigurations = (
				91C9B67C21C2AF2C008D74FD /* Debug */,
				91C9B67D21C2AF2C008D74FD /* Release */,
			);
			defaultConfigurationIsVisible = 0;
			defaultConfigurationName = Release;
		};
/* End XCConfigurationList section */
	};
	rootObject = 91C9B65D21C2AF2B008D74FD /* Project object */;
}
